
Microsoft Visual Studio Solution File, Format Version 12.00
# Visual Studio 15
VisualStudioVersion = 15.0.27428.2002
MinimumVisualStudioVersion = 10.0.40219.1
Project("{8BC9CEB8-8B4A-11D0-8D11-00A0C91BC942}") = "TheThreadClass", "TheThreadClass\TheThreadClass.vcxproj", "{0FE559B4-87A0-4389-B957-1A4FA8C62522}"
EndProject
Global
	GlobalSection(SolutionConfigurationPlatforms) = preSolution
		Debug|x64 = Debug|x64
		Debug|x86 = Debug|x86
		Release|x64 = Release|x64
		Release|x86 = Release|x86
	EndGlobalSection
	GlobalSection(ProjectConfigurationPlatforms) = postSolution
		{0FE559B4-87A0-4389-B957-1A4FA8C62522}.Debug|x64.ActiveCfg = Debug|x64
		{0FE559B4-87A0-4389-B957-1A4FA8C62522}.Debug|x64.Build.0 = Debug|x64
		{0FE559B4-87A0-4389-B957-1A4FA8C62522}.Debug|x86.ActiveCfg = Debug|Win32
		{0FE559B4-87A0-4389-B957-1A4FA8C62522}.Debug|x86.Build.0 = Debug|Win32
		{0FE559B4-87A0-4389-B957-1A4FA8C62522}.Release|x64.ActiveCfg = Release|x64
		{0FE559B4-87A0-4389-B957-1A4FA8C62522}.Release|x64.Build.0 = Release|x64
		{0FE559B4-87A0-4389-B957-1A4FA8C62522}.Release|x86.ActiveCfg = Release|Win32
		{0FE559B4-87A0-4389-B957-1A4FA8C62522}.Release|x86.Build.0 = Release|Win32
	EndGlobalSection
	GlobalSection(SolutionProperties) = preSolution
		HideSolutionNode = FALSE
	EndGlobalSection
	GlobalSection(ExtensibilityGlobals) = postSolution
		SolutionGuid = {04DBC03B-E69D-449E-BDCE-16FB7CDD5E8E}
	EndGlobalSection
EndGlobal
